// !$*UTF8*$!
{
	archiveVersion = 1;
	classes = {
	};
	objectVersion = 46;
	objects = {

/* Begin PBXBuildFile section */
		C943FEB41B781A9F00497611 /* CCCoreDataModel.xcdatamodeld in Sources */ = {isa = PBXBuildFile; fileRef = C943FEB21B781A9F00497611 /* CCCoreDataModel.xcdatamodeld */; };
		C94447DA1B7D94FA00A210A9 /* CCScramble.swift in Sources */ = {isa = PBXBuildFile; fileRef = C94447D91B7D94FA00A210A9 /* CCScramble.swift */; };
		C96E9FC41B7C2B17005857F6 /* CCTime.swift in Sources */ = {isa = PBXBuildFile; fileRef = C96E9FC31B7C2B17005857F6 /* CCTime.swift */; };
		C96E9FC61B7C2C5C005857F6 /* CCTimeArray.swift in Sources */ = {isa = PBXBuildFile; fileRef = C96E9FC51B7C2C5C005857F6 /* CCTimeArray.swift */; };
		C9F093051B75AD2C00101C83 /* AppDelegate.swift in Sources */ = {isa = PBXBuildFile; fileRef = C9F093041B75AD2C00101C83 /* AppDelegate.swift */; };
		C9F0930A1B75AD2C00101C83 /* Main.storyboard in Resources */ = {isa = PBXBuildFile; fileRef = C9F093081B75AD2C00101C83 /* Main.storyboard */; };
		C9F0930C1B75AD2C00101C83 /* Images.xcassets in Resources */ = {isa = PBXBuildFile; fileRef = C9F0930B1B75AD2C00101C83 /* Images.xcassets */; };
		C9F0930F1B75AD2C00101C83 /* LaunchScreen.xib in Resources */ = {isa = PBXBuildFile; fileRef = C9F0930D1B75AD2C00101C83 /* LaunchScreen.xib */; };
		C9F0931B1B75AD2C00101C83 /* CubeClockTests.swift in Sources */ = {isa = PBXBuildFile; fileRef = C9F0931A1B75AD2C00101C83 /* CubeClockTests.swift */; };
		C9F093251B75B28700101C83 /* CCTimerViewController.swift in Sources */ = {isa = PBXBuildFile; fileRef = C9F093241B75B28700101C83 /* CCTimerViewController.swift */; };
		F90A08938F055D0779708B99 /* libPods.a in Frameworks */ = {isa = PBXBuildFile; fileRef = D9254C3D5CB534E5D08C5373 /* libPods.a */; };
/* End PBXBuildFile section */

/* Begin PBXContainerItemProxy section */
		C9F093151B75AD2C00101C83 /* PBXContainerItemProxy */ = {
			isa = PBXContainerItemProxy;
			containerPortal = C9F092F71B75AD2B00101C83 /* Project object */;
			proxyType = 1;
			remoteGlobalIDString = C9F092FE1B75AD2C00101C83;
			remoteInfo = CubeClock;
		};
/* End PBXContainerItemProxy section */

/* Begin PBXFileReference section */
		98661A26EB4390233106678B /* Pods.release.xcconfig */ = {isa = PBXFileReference; includeInIndex = 1; lastKnownFileType = text.xcconfig; name = Pods.release.xcconfig; path = "Pods/Target Support Files/Pods/Pods.release.xcconfig"; sourceTree = "<group>"; };
		C943FEB31B781A9F00497611 /* CCCoreDataModel.xcdatamodel */ = {isa = PBXFileReference; lastKnownFileType = wrapper.xcdatamodel; path = CCCoreDataModel.xcdatamodel; sourceTree = "<group>"; };
		C94447D91B7D94FA00A210A9 /* CCScramble.swift */ = {isa = PBXFileReference; fileEncoding = 4; lastKnownFileType = sourcecode.swift; path = CCScramble.swift; sourceTree = "<group>"; };
		C96E9FC31B7C2B17005857F6 /* CCTime.swift */ = {isa = PBXFileReference; fileEncoding = 4; lastKnownFileType = sourcecode.swift; path = CCTime.swift; sourceTree = "<group>"; };
		C96E9FC51B7C2C5C005857F6 /* CCTimeArray.swift */ = {isa = PBXFileReference; fileEncoding = 4; lastKnownFileType = sourcecode.swift; path = CCTimeArray.swift; sourceTree = "<group>"; };
		C97478991B798EA70065A2E1 /* CubeClock-Bridging-Header.h */ = {isa = PBXFileReference; lastKnownFileType = sourcecode.c.h; path = "CubeClock-Bridging-Header.h"; sourceTree = "<group>"; };
		C9F092FF1B75AD2C00101C83 /* CubeClock.app */ = {isa = PBXFileReference; explicitFileType = wrapper.application; includeInIndex = 0; path = CubeClock.app; sourceTree = BUILT_PRODUCTS_DIR; };
		C9F093031B75AD2C00101C83 /* Info.plist */ = {isa = PBXFileReference; lastKnownFileType = text.plist.xml; path = Info.plist; sourceTree = "<group>"; };
		C9F093041B75AD2C00101C83 /* AppDelegate.swift */ = {isa = PBXFileReference; lastKnownFileType = sourcecode.swift; path = AppDelegate.swift; sourceTree = "<group>"; };
		C9F093091B75AD2C00101C83 /* Base */ = {isa = PBXFileReference; lastKnownFileType = file.storyboard; name = Base; path = Base.lproj/Main.storyboard; sourceTree = "<group>"; };
		C9F0930B1B75AD2C00101C83 /* Images.xcassets */ = {isa = PBXFileReference; lastKnownFileType = folder.assetcatalog; path = Images.xcassets; sourceTree = "<group>"; };
		C9F0930E1B75AD2C00101C83 /* Base */ = {isa = PBXFileReference; lastKnownFileType = file.xib; name = Base; path = Base.lproj/LaunchScreen.xib; sourceTree = "<group>"; };
		C9F093141B75AD2C00101C83 /* CubeClockTests.xctest */ = {isa = PBXFileReference; explicitFileType = wrapper.cfbundle; includeInIndex = 0; path = CubeClockTests.xctest; sourceTree = BUILT_PRODUCTS_DIR; };
		C9F093191B75AD2C00101C83 /* Info.plist */ = {isa = PBXFileReference; lastKnownFileType = text.plist.xml; path = Info.plist; sourceTree = "<group>"; };
		C9F0931A1B75AD2C00101C83 /* CubeClockTests.swift */ = {isa = PBXFileReference; lastKnownFileType = sourcecode.swift; path = CubeClockTests.swift; sourceTree = "<group>"; };
		C9F093241B75B28700101C83 /* CCTimerViewController.swift */ = {isa = PBXFileReference; fileEncoding = 4; lastKnownFileType = sourcecode.swift; path = CCTimerViewController.swift; sourceTree = "<group>"; };
		CBE01CA054C684479E4A2928 /* Pods.debug.xcconfig */ = {isa = PBXFileReference; includeInIndex = 1; lastKnownFileType = text.xcconfig; name = Pods.debug.xcconfig; path = "Pods/Target Support Files/Pods/Pods.debug.xcconfig"; sourceTree = "<group>"; };
		D9254C3D5CB534E5D08C5373 /* libPods.a */ = {isa = PBXFileReference; explicitFileType = archive.ar; includeInIndex = 0; path = libPods.a; sourceTree = BUILT_PRODUCTS_DIR; };
/* End PBXFileReference section */

/* Begin PBXFrameworksBuildPhase section */
		C9F092FC1B75AD2C00101C83 /* Frameworks */ = {
			isa = PBXFrameworksBuildPhase;
			buildActionMask = 2147483647;
			files = (
				F90A08938F055D0779708B99 /* libPods.a in Frameworks */,
			);
			runOnlyForDeploymentPostprocessing = 0;
		};
		C9F093111B75AD2C00101C83 /* Frameworks */ = {
			isa = PBXFrameworksBuildPhase;
			buildActionMask = 2147483647;
			files = (
			);
			runOnlyForDeploymentPostprocessing = 0;
		};
/* End PBXFrameworksBuildPhase section */

/* Begin PBXGroup section */
		153E84AAAAB54967DF07E97F /* Frameworks */ = {
			isa = PBXGroup;
			children = (
				D9254C3D5CB534E5D08C5373 /* libPods.a */,
			);
			name = Frameworks;
			sourceTree = "<group>";
		};
		7C26C2988EC95963FDD090BD /* Pods */ = {
			isa = PBXGroup;
			children = (
				CBE01CA054C684479E4A2928 /* Pods.debug.xcconfig */,
				98661A26EB4390233106678B /* Pods.release.xcconfig */,
			);
			name = Pods;
			sourceTree = "<group>";
		};
		C9F092F61B75AD2B00101C83 = {
			isa = PBXGroup;
			children = (
				C9F093011B75AD2C00101C83 /* CubeClock */,
				C9F093171B75AD2C00101C83 /* CubeClockTests */,
				C9F093001B75AD2C00101C83 /* Products */,
				7C26C2988EC95963FDD090BD /* Pods */,
				153E84AAAAB54967DF07E97F /* Frameworks */,
			);
			sourceTree = "<group>";
		};
		C9F093001B75AD2C00101C83 /* Products */ = {
			isa = PBXGroup;
			children = (
				C9F092FF1B75AD2C00101C83 /* CubeClock.app */,
				C9F093141B75AD2C00101C83 /* CubeClockTests.xctest */,
			);
			name = Products;
			sourceTree = "<group>";
		};
		C9F093011B75AD2C00101C83 /* CubeClock */ = {
			isa = PBXGroup;
			children = (
				C9F093241B75B28700101C83 /* CCTimerViewController.swift */,
				C96E9FC31B7C2B17005857F6 /* CCTime.swift */,
				C96E9FC51B7C2C5C005857F6 /* CCTimeArray.swift */,
				C94447D91B7D94FA00A210A9 /* CCScramble.swift */,
				C9F093041B75AD2C00101C83 /* AppDelegate.swift */,
				C9F093081B75AD2C00101C83 /* Main.storyboard */,
				C9F0930B1B75AD2C00101C83 /* Images.xcassets */,
				C9F0930D1B75AD2C00101C83 /* LaunchScreen.xib */,
				C9F093021B75AD2C00101C83 /* Supporting Files */,
				C943FEB21B781A9F00497611 /* CCCoreDataModel.xcdatamodeld */,
			);
			path = CubeClock;
			sourceTree = "<group>";
		};
		C9F093021B75AD2C00101C83 /* Supporting Files */ = {
			isa = PBXGroup;
			children = (
				C97478991B798EA70065A2E1 /* CubeClock-Bridging-Header.h */,
				C9F093031B75AD2C00101C83 /* Info.plist */,
			);
			name = "Supporting Files";
			sourceTree = "<group>";
		};
		C9F093171B75AD2C00101C83 /* CubeClockTests */ = {
			isa = PBXGroup;
			children = (
				C9F0931A1B75AD2C00101C83 /* CubeClockTests.swift */,
				C9F093181B75AD2C00101C83 /* Supporting Files */,
			);
			path = CubeClockTests;
			sourceTree = "<group>";
		};
		C9F093181B75AD2C00101C83 /* Supporting Files */ = {
			isa = PBXGroup;
			children = (
				C9F093191B75AD2C00101C83 /* Info.plist */,
			);
			name = "Supporting Files";
			sourceTree = "<group>";
		};
/* End PBXGroup section */

/* Begin PBXNativeTarget section */
		C9F092FE1B75AD2C00101C83 /* CubeClock */ = {
			isa = PBXNativeTarget;
			buildConfigurationList = C9F0931E1B75AD2C00101C83 /* Build configuration list for PBXNativeTarget "CubeClock" */;
			buildPhases = (
				92AE271C9F6F563F24D98986 /* Check Pods Manifest.lock */,
				C9F092FB1B75AD2C00101C83 /* Sources */,
				C9F092FC1B75AD2C00101C83 /* Frameworks */,
				C9F092FD1B75AD2C00101C83 /* Resources */,
				F5B10B705C7BC14F9BE067AA /* Copy Pods Resources */,
			);
			buildRules = (
			);
			dependencies = (
			);
			name = CubeClock;
			productName = CubeClock;
			productReference = C9F092FF1B75AD2C00101C83 /* CubeClock.app */;
			productType = "com.apple.product-type.application";
		};
		C9F093131B75AD2C00101C83 /* CubeClockTests */ = {
			isa = PBXNativeTarget;
			buildConfigurationList = C9F093211B75AD2C00101C83 /* Build configuration list for PBXNativeTarget "CubeClockTests" */;
			buildPhases = (
				C9F093101B75AD2C00101C83 /* Sources */,
				C9F093111B75AD2C00101C83 /* Frameworks */,
				C9F093121B75AD2C00101C83 /* Resources */,
			);
			buildRules = (
			);
			dependencies = (
				C9F093161B75AD2C00101C83 /* PBXTargetDependency */,
			);
			name = CubeClockTests;
			productName = CubeClockTests;
			productReference = C9F093141B75AD2C00101C83 /* CubeClockTests.xctest */;
			productType = "com.apple.product-type.bundle.unit-test";
		};
/* End PBXNativeTarget section */

/* Begin PBXProject section */
		C9F092F71B75AD2B00101C83 /* Project object */ = {
			isa = PBXProject;
			attributes = {
				LastUpgradeCheck = 0640;
				ORGANIZATIONNAME = MPApps;
				TargetAttributes = {
					C9F092FE1B75AD2C00101C83 = {
						CreatedOnToolsVersion = 6.4;
						DevelopmentTeam = UB69243N5V;
					};
					C9F093131B75AD2C00101C83 = {
						CreatedOnToolsVersion = 6.4;
						TestTargetID = C9F092FE1B75AD2C00101C83;
					};
				};
			};
			buildConfigurationList = C9F092FA1B75AD2B00101C83 /* Build configuration list for PBXProject "CubeClock" */;
			compatibilityVersion = "Xcode 3.2";
			developmentRegion = English;
			hasScannedForEncodings = 0;
			knownRegions = (
				en,
				Base,
			);
			mainGroup = C9F092F61B75AD2B00101C83;
			productRefGroup = C9F093001B75AD2C00101C83 /* Products */;
			projectDirPath = "";
			projectRoot = "";
			targets = (
				C9F092FE1B75AD2C00101C83 /* CubeClock */,
				C9F093131B75AD2C00101C83 /* CubeClockTests */,
			);
		};
/* End PBXProject section */

/* Begin PBXResourcesBuildPhase section */
		C9F092FD1B75AD2C00101C83 /* Resources */ = {
			isa = PBXResourcesBuildPhase;
			buildActionMask = 2147483647;
			files = (
				C9F0930A1B75AD2C00101C83 /* Main.storyboard in Resources */,
				C9F0930F1B75AD2C00101C83 /* LaunchScreen.xib in Resources */,
				C9F0930C1B75AD2C00101C83 /* Images.xcassets in Resources */,
			);
			runOnlyForDeploymentPostprocessing = 0;
		};
		C9F093121B75AD2C00101C83 /* Resources */ = {
			isa = PBXResourcesBuildPhase;
			buildActionMask = 2147483647;
			files = (
			);
			runOnlyForDeploymentPostprocessing = 0;
		};
/* End PBXResourcesBuildPhase section */

/* Begin PBXShellScriptBuildPhase section */
		92AE271C9F6F563F24D98986 /* Check Pods Manifest.lock */ = {
			isa = PBXShellScriptBuildPhase;
			buildActionMask = 2147483647;
			files = (
			);
			inputPaths = (
			);
			name = "Check Pods Manifest.lock";
			outputPaths = (
			);
			runOnlyForDeploymentPostprocessing = 0;
			shellPath = /bin/sh;
			shellScript = "diff \"${PODS_ROOT}/../Podfile.lock\" \"${PODS_ROOT}/Manifest.lock\" > /dev/null\nif [[ $? != 0 ]] ; then\n    cat << EOM\nerror: The sandbox is not in sync with the Podfile.lock. Run 'pod install' or update your CocoaPods installation.\nEOM\n    exit 1\nfi\n";
			showEnvVarsInLog = 0;
		};
		F5B10B705C7BC14F9BE067AA /* Copy Pods Resources */ = {
			isa = PBXShellScriptBuildPhase;
			buildActionMask = 2147483647;
			files = (
			);
			inputPaths = (
			);
			name = "Copy Pods Resources";
			outputPaths = (
			);
			runOnlyForDeploymentPostprocessing = 0;
			shellPath = /bin/sh;
			shellScript = "\"${SRCROOT}/Pods/Target Support Files/Pods/Pods-resources.sh\"\n";
			showEnvVarsInLog = 0;
		};
/* End PBXShellScriptBuildPhase section */

/* Begin PBXSourcesBuildPhase section */
		C9F092FB1B75AD2C00101C83 /* Sources */ = {
			isa = PBXSourcesBuildPhase;
			buildActionMask = 2147483647;
			files = (
				C94447DA1B7D94FA00A210A9 /* CCScramble.swift in Sources */,
				C96E9FC61B7C2C5C005857F6 /* CCTimeArray.swift in Sources */,
				C96E9FC41B7C2B17005857F6 /* CCTime.swift in Sources */,
				C943FEB41B781A9F00497611 /* CCCoreDataModel.xcdatamodeld in Sources */,
				C9F093251B75B28700101C83 /* CCTimerViewController.swift in Sources */,
				C9F093051B75AD2C00101C83 /* AppDelegate.swift in Sources */,
			);
			runOnlyForDeploymentPostprocessing = 0;
		};
		C9F093101B75AD2C00101C83 /* Sources */ = {
			isa = PBXSourcesBuildPhase;
			buildActionMask = 2147483647;
			files = (
				C9F0931B1B75AD2C00101C83 /* CubeClockTests.swift in Sources */,
			);
			runOnlyForDeploymentPostprocessing = 0;
		};
/* End PBXSourcesBuildPhase section */

/* Begin PBXTargetDependency section */
		C9F093161B75AD2C00101C83 /* PBXTargetDependency */ = {
			isa = PBXTargetDependency;
			target = C9F092FE1B75AD2C00101C83 /* CubeClock */;
			targetProxy = C9F093151B75AD2C00101C83 /* PBXContainerItemProxy */;
		};
/* End PBXTargetDependency section */

/* Begin PBXVariantGroup section */
		C9F093081B75AD2C00101C83 /* Main.storyboard */ = {
			isa = PBXVariantGroup;
			children = (
				C9F093091B75AD2C00101C83 /* Base */,
			);
			name = Main.storyboard;
			sourceTree = "<group>";
		};
		C9F0930D1B75AD2C00101C83 /* LaunchScreen.xib */ = {
			isa = PBXVariantGroup;
			children = (
				C9F0930E1B75AD2C00101C83 /* Base */,
			);
			name = LaunchScreen.xib;
			sourceTree = "<group>";
		};
/* End PBXVariantGroup section */

/* Begin XCBuildConfiguration section */
		C9F0931C1B75AD2C00101C83 /* Debug */ = {
			isa = XCBuildConfiguration;
			buildSettings = {
				ALWAYS_SEARCH_USER_PATHS = NO;
				CLANG_CXX_LANGUAGE_STANDARD = "gnu++0x";
				CLANG_CXX_LIBRARY = "libc++";
				CLANG_ENABLE_MODULES = YES;
				CLANG_ENABLE_OBJC_ARC = YES;
				CLANG_WARN_BOOL_CONVERSION = YES;
				CLANG_WARN_CONSTANT_CONVERSION = YES;
				CLANG_WARN_DIRECT_OBJC_ISA_USAGE = YES_ERROR;
				CLANG_WARN_EMPTY_BODY = YES;
				CLANG_WARN_ENUM_CONVERSION = YES;
				CLANG_WARN_INT_CONVERSION = YES;
				CLANG_WARN_OBJC_ROOT_CLASS = YES_ERROR;
				CLANG_WARN_UNREACHABLE_CODE = YES;
				CLANG_WARN__DUPLICATE_METHOD_MATCH = YES;
				"CODE_SIGN_IDENTITY[sdk=iphoneos*]" = "iPhone Developer";
				COPY_PHASE_STRIP = NO;
				DEBUG_INFORMATION_FORMAT = "dwarf-with-dsym";
				ENABLE_STRICT_OBJC_MSGSEND = YES;
				GCC_C_LANGUAGE_STANDARD = gnu99;
				GCC_DYNAMIC_NO_PIC = NO;
				GCC_NO_COMMON_BLOCKS = YES;
				GCC_OPTIMIZATION_LEVEL = 0;
				GCC_PREPROCESSOR_DEFINITIONS = (
					"DEBUG=1",
					"$(inherited)",
				);
				GCC_SYMBOLS_PRIVATE_EXTERN = NO;
				GCC_WARN_64_TO_32_BIT_CONVERSION = YES;
				GCC_WARN_ABOUT_RETURN_TYPE = YES_ERROR;
				GCC_WARN_UNDECLARED_SELECTOR = YES;
				GCC_WARN_UNINITIALIZED_AUTOS = YES_AGGRESSIVE;
				GCC_WARN_UNUSED_FUNCTION = YES;
				GCC_WARN_UNUSED_VARIABLE = YES;
				IPHONEOS_DEPLOYMENT_TARGET = 8.4;
				MTL_ENABLE_DEBUG_INFO = YES;
				ONLY_ACTIVE_ARCH = YES;
				SDKROOT = iphoneos;
				SWIFT_OBJC_BRIDGING_HEADER = "";
				SWIFT_OPTIMIZATION_LEVEL = "-Onone";
			};
			name = Debug;
		};
		C9F0931D1B75AD2C00101C83 /* Release */ = {
			isa = XCBuildConfiguration;
			buildSettings = {
				ALWAYS_SEARCH_USER_PATHS = NO;
				CLANG_CXX_LANGUAGE_STANDARD = "gnu++0x";
				CLANG_CXX_LIBRARY = "libc++";
				CLANG_ENABLE_MODULES = YES;
				CLANG_ENABLE_OBJC_ARC = YES;
				CLANG_WARN_BOOL_CONVERSION = YES;
				CLANG_WARN_CONSTANT_CONVERSION = YES;
				CLANG_WARN_DIRECT_OBJC_ISA_USAGE = YES_ERROR;
				CLANG_WARN_EMPTY_BODY = YES;
				CLANG_WARN_ENUM_CONVERSION = YES;
				CLANG_WARN_INT_CONVERSION = YES;
				CLANG_WARN_OBJC_ROOT_CLASS = YES_ERROR;
				CLANG_WARN_UNREACHABLE_CODE = YES;
				CLANG_WARN__DUPLICATE_METHOD_MATCH = YES;
				"CODE_SIGN_IDENTITY[sdk=iphoneos*]" = "iPhone Developer";
				COPY_PHASE_STRIP = NO;
				DEBUG_INFORMATION_FORMAT = "dwarf-with-dsym";
				ENABLE_NS_ASSERTIONS = NO;
				ENABLE_STRICT_OBJC_MSGSEND = YES;
				GCC_C_LANGUAGE_STANDARD = gnu99;
				GCC_NO_COMMON_BLOCKS = YES;
				GCC_WARN_64_TO_32_BIT_CONVERSION = YES;
				GCC_WARN_ABOUT_RETURN_TYPE = YES_ERROR;
				GCC_WARN_UNDECLARED_SELECTOR = YES;
				GCC_WARN_UNINITIALIZED_AUTOS = YES_AGGRESSIVE;
				GCC_WARN_UNUSED_FUNCTION = YES;
				GCC_WARN_UNUSED_VARIABLE = YES;
				IPHONEOS_DEPLOYMENT_TARGET = 8.4;
				MTL_ENABLE_DEBUG_INFO = NO;
				SDKROOT = iphoneos;
				SWIFT_OBJC_BRIDGING_HEADER = "";
				VALIDATE_PRODUCT = YES;
			};
			name = Release;
		};
		C9F0931F1B75AD2C00101C83 /* Debug */ = {
			isa = XCBuildConfiguration;
			baseConfigurationReference = CBE01CA054C684479E4A2928 /* Pods.debug.xcconfig */;
			buildSettings = {
				ASSETCATALOG_COMPILER_APPICON_NAME = AppIcon;
				ASSETCATALOG_COMPILER_LAUNCHIMAGE_NAME = LaunchImage;
				CODE_SIGN_IDENTITY = "iPhone Developer";
				INFOPLIST_FILE = CubeClock/Info.plist;
				IPHONEOS_DEPLOYMENT_TARGET = 7.1;
				LD_RUNPATH_SEARCH_PATHS = "$(inherited) @executable_path/Frameworks";
				PRODUCT_NAME = "$(TARGET_NAME)";
			};
			name = Debug;
		};
		C9F093201B75AD2C00101C83 /* Release */ = {
			isa = XCBuildConfiguration;
			baseConfigurationReference = 98661A26EB4390233106678B /* Pods.release.xcconfig */;
			buildSettings = {
				ASSETCATALOG_COMPILER_APPICON_NAME = AppIcon;
				ASSETCATALOG_COMPILER_LAUNCHIMAGE_NAME = LaunchImage;
				CODE_SIGN_IDENTITY = "iPhone Developer";
				INFOPLIST_FILE = CubeClock/Info.plist;
				IPHONEOS_DEPLOYMENT_TARGET = 7.1;
				LD_RUNPATH_SEARCH_PATHS = "$(inherited) @executable_path/Frameworks";
				PRODUCT_NAME = "$(TARGET_NAME)";
			};
			name = Release;
		};
		C9F093221B75AD2C00101C83 /* Debug */ = {
			isa = XCBuildConfiguration;
			buildSettings = {
				BUNDLE_LOADER = "$(TEST_HOST)";
				FRAMEWORK_SEARCH_PATHS = (
					"$(SDKROOT)/Developer/Library/Frameworks",
					"$(inherited)",
				);
				GCC_PREPROCESSOR_DEFINITIONS = (
					"DEBUG=1",
					"$(inherited)",
				);
				INFOPLIST_FILE = CubeClockTests/Info.plist;
				LD_RUNPATH_SEARCH_PATHS = "$(inherited) @executable_path/Frameworks @loader_path/Frameworks";
				PRODUCT_NAME = "$(TARGET_NAME)";
				TEST_HOST = "$(BUILT_PRODUCTS_DIR)/CubeClock.app/CubeClock";
			};
			name = Debug;
		};
		C9F093231B75AD2C00101C83 /* Release */ = {
			isa = XCBuildConfiguration;
			buildSettings = {
				BUNDLE_LOADER = "$(TEST_HOST)";
				FRAMEWORK_SEARCH_PATHS = (
					"$(SDKROOT)/Developer/Library/Frameworks",
					"$(inherited)",
				);
				INFOPLIST_FILE = CubeClockTests/Info.plist;
				LD_RUNPATH_SEARCH_PATHS = "$(inherited) @executable_path/Frameworks @loader_path/Frameworks";
				PRODUCT_NAME = "$(TARGET_NAME)";
				TEST_HOST = "$(BUILT_PRODUCTS_DIR)/CubeClock.app/CubeClock";
			};
			name = Release;
		};
/* End XCBuildConfiguration section */

/* Begin XCConfigurationList section */
		C9F092FA1B75AD2B00101C83 /* Build configuration list for PBXProject "CubeClock" */ = {
			isa = XCConfigurationList;
			buildConfigurations = (
				C9F0931C1B75AD2C00101C83 /* Debug */,
				C9F0931D1B75AD2C00101C83 /* Release */,
			);
			defaultConfigurationIsVisible = 0;
			defaultConfigurationName = Release;
		};
		C9F0931E1B75AD2C00101C83 /* Build configuration list for PBXNativeTarget "CubeClock" */ = {
			isa = XCConfigurationList;
			buildConfigurations = (
				C9F0931F1B75AD2C00101C83 /* Debug */,
				C9F093201B75AD2C00101C83 /* Release */,
			);
			defaultConfigurationIsVisible = 0;
			defaultConfigurationName = Release;
		};
		C9F093211B75AD2C00101C83 /* Build configuration list for PBXNativeTarget "CubeClockTests" */ = {
			isa = XCConfigurationList;
			buildConfigurations = (
				C9F093221B75AD2C00101C83 /* Debug */,
				C9F093231B75AD2C00101C83 /* Release */,
			);
			defaultConfigurationIsVisible = 0;
			defaultConfigurationName = Release;
		};
/* End XCConfigurationList section */

/* Begin XCVersionGroup section */
		C943FEB21B781A9F00497611 /* CCCoreDataModel.xcdatamodeld */ = {
			isa = XCVersionGroup;
			children = (
				C943FEB31B781A9F00497611 /* CCCoreDataModel.xcdatamodel */,
			);
			currentVersion = C943FEB31B781A9F00497611 /* CCCoreDataModel.xcdatamodel */;
			path = CCCoreDataModel.xcdatamodeld;
			sourceTree = "<group>";
			versionGroupType = wrapper.xcdatamodel;
		};
/* End XCVersionGroup section */
	};
	rootObject = C9F092F71B75AD2B00101C83 /* Project object */;
}
